{
  "name": "child2",
  "version": "0.0.0",
  "lockfileVersion": 1,
  "requires": true,
  "dependencies": {
    "bintrees": {
      "version": "0.0.10",
      "resolved": "https://registry.npmjs.org/bintrees/-/bintrees-0.0.10.tgz",
      "integrity": "sha512-BkR37mfNUjTN36dENR1V6BlW8rqzpJnqCBhe2ZtWXJ1UgTVPHIlWSfYX7Ap/FlAgl7XWRr3mG4eR2LFnezBG1g=="
    },
    "bson": {
      "version": "0.1.9",
      "resolved": "https://registry.npmjs.org/bson/-/bson-0.1.9.tgz",
      "integrity": "sha512-HlvXnohuuxlb/AzILVZFgGBO7658NPddPn1Q8PRC6ANHoPZKJotU0WG9+PoMjO7ZFM/e+jKbqOstXJLyIhSOgA=="
    },
    "mongodb": {
      "version": "1.2.14",
      "resolved": "https://registry.npmjs.org/mongodb/-/mongodb-1.2.14.tgz",
      "integrity": "sha512-6e+wAdsDC8LXAiDd8hyvs3PelKsJC/zIuNehU3FeI4JidhoYW2CG3jGTshg9MI8UKPrcyB8sqY0blpRFPYPLSg==",
      "requires": {
        "bson": "0.1.8"
      },
      "dependencies": {
        "bson": {
          "version": "0.1.8",
          "resolved": "https://registry.npmjs.org/bson/-/bson-0.1.8.tgz",
          "integrity": "sha512-Zen/6PF3Mox895jY2kVBC8m/zbApUgUoGwQ7p+UqdcByls5aYNgE4CrpXgycsPcMio+wto6nRvhJlJuZr5hxBw=="
        }
      }
    },
    "node-uuid": {
      "version": "1.3.3",
      "resolved": "https://registry.npmjs.org/node-uuid/-/node-uuid-1.3.3.tgz",
      "integrity": "sha512-xKQtL5imfvX6PvUmgJyU/XaNT/l8tKvs+sJ6KLOmIzk/H8+sm7uE80QlPmmu3l1uirvRL3kZqtJPWoQBWT9gQw=="
    },
    "shared": {
      "version": "0.2.0",
      "resolved": "https://registry.npmjs.org/shared/-/shared-0.2.0.tgz",
      "integrity": "sha512-nRBVf7KHFkU4vmiKAhTaJUm8miFMcU6b5I98U71Kk6uu1RIBeRwWivnMXEQOQxTxObPhOSIQSBhuIT+O/urG3A==",
      "requires": {
        "bintrees": "~0.0.7",
        "bson": "~0.1.5",
        "mongodb": "~1.2.9",
        "node-uuid": "~1.3.3",
        "rsvp": "*",
        "underscore": "~1.4.0"
      },
      "dependencies": {
        "rsvp": {
          "version": "1.2.0",
          "bundled": true
        }
      }
    },
    "underscore": {
      "version": "1.4.4",
      "resolved": "https://registry.npmjs.org/underscore/-/underscore-1.4.4.tgz",
      "integrity": "sha512-ZqGrAgaqqZM7LGRzNjLnw5elevWb5M8LEoDMadxIW3OWbcv72wMMgKdwOKpd5Fqxe8choLD8HN3iSj3TUh/giQ=="
    }
  }
}
